{
    "_readme": [
        "This file locks the dependencies of your project to a known state",
        "Read more about it at http://getcomposer.org/doc/01-basic-usage.md#composer-lock-the-lock-file",
        "This file is @generated automatically"
    ],
    "hash": "8397a324533408a267ada8a5b16d09f5",
    "packages": [
        {
            "name": "ddliu/filecache",
            "version": "v0.1.0",
            "source": {
                "type": "git",
                "url": "https://github.com/ddliu/php-filecache.git",
                "reference": "a2ef0b4ab85831a3e04ec7ccf2b68b165e2dee94"
            },
            "dist": {
                "type": "zip",
                "url": "https://api.github.com/repos/ddliu/php-filecache/zipball/a2ef0b4ab85831a3e04ec7ccf2b68b165e2dee94",
                "reference": "a2ef0b4ab85831a3e04ec7ccf2b68b165e2dee94",
                "shasum": ""
            },
            "type": "library",
            "autoload": {
                "psr-4": {
                    "ddliu\\filecache\\": "src/"
                }
            },
            "notification-url": "https://packagist.org/downloads/",
            "license": [
                "MIT"
            ],
            "authors": [
                {
                    "name": "dong",
                    "email": "ddliuhb@gmail.com"
                }
            ],
            "description": "Cache with file system",
            "time": "2014-12-05 09:30:26"
        },
        {
            "name": "ddliu/normurl",
            "version": "v0.1.1",
            "source": {
                "type": "git",
                "url": "https://github.com/ddliu/normurl.git",
                "reference": "20255dce9403731170356a7b4fb7e95a8adf45b0"
            },
            "dist": {
                "type": "zip",
                "url": "https://api.github.com/repos/ddliu/normurl/zipball/20255dce9403731170356a7b4fb7e95a8adf45b0",
                "reference": "20255dce9403731170356a7b4fb7e95a8adf45b0",
                "shasum": ""
            },
            "type": "library",
            "autoload": {
                "psr-4": {
                    "ddliu\\normurl\\": "src/"
                }
            },
            "notification-url": "https://packagist.org/downloads/",
            "license": [
                "MIT"
            ],
            "authors": [
                {
                    "name": "dong",
                    "email": "ddliuhb@gmail.com"
                }
            ],
            "description": "Normalize URL",
            "time": "2014-11-05 10:15:29"
        },
        {
            "name": "ddliu/requery",
            "version": "v0.1.0",
            "source": {
                "type": "git",
                "url": "https://github.com/ddliu/requery.git",
                "reference": "08f4aba1e3385a2a22f6b89c0d55abec278d29a4"
            },
            "dist": {
                "type": "zip",
                "url": "https://api.github.com/repos/ddliu/requery/zipball/08f4aba1e3385a2a22f6b89c0d55abec278d29a4",
                "reference": "08f4aba1e3385a2a22f6b89c0d55abec278d29a4",
                "shasum": ""
            },
            "type": "library",
            "autoload": {
                "psr-4": {
                    "ddliu\\requery\\": "src/"
                }
            },
            "notification-url": "https://packagist.org/downloads/",
            "license": [
                "MIT"
            ],
            "authors": [
                {
                    "name": "dong",
                    "email": "ddliuhb@gmail.com"
                }
            ],
            "description": "Query text data with the power of Regular Expression.",
            "time": "2014-11-03 15:20:16"
        },
        {
            "name": "monolog/monolog",
            "version": "1.11.0",
            "source": {
                "type": "git",
                "url": "https://github.com/Seldaek/monolog.git",
                "reference": "ec3961874c43840e96da3a8a1ed20d8c73d7e5aa"
            },
            "dist": {
                "type": "zip",
                "url": "https://api.github.com/repos/Seldaek/monolog/zipball/ec3961874c43840e96da3a8a1ed20d8c73d7e5aa",
                "reference": "ec3961874c43840e96da3a8a1ed20d8c73d7e5aa",
                "shasum": ""
            },
            "require": {
                "php": ">=5.3.0",
                "psr/log": "~1.0"
            },
            "provide": {
                "psr/log-implementation": "1.0.0"
            },
            "require-dev": {
                "aws/aws-sdk-php": "~2.4, >2.4.8",
                "doctrine/couchdb": "~1.0@dev",
                "graylog2/gelf-php": "~1.0",
                "phpunit/phpunit": "~3.7.0",
                "raven/raven": "~0.5",
                "ruflin/elastica": "0.90.*",
                "videlalvaro/php-amqplib": "~2.4"
            },
            "suggest": {
                "aws/aws-sdk-php": "Allow sending log messages to AWS services like DynamoDB",
                "doctrine/couchdb": "Allow sending log messages to a CouchDB server",
                "ext-amqp": "Allow sending log messages to an AMQP server (1.0+ required)",
                "ext-mongo": "Allow sending log messages to a MongoDB server",
                "graylog2/gelf-php": "Allow sending log messages to a GrayLog2 server",
                "raven/raven": "Allow sending log messages to a Sentry server",
                "rollbar/rollbar": "Allow sending log messages to Rollbar",
                "ruflin/elastica": "Allow sending log messages to an Elastic Search server",
                "videlalvaro/php-amqplib": "Allow sending log messages to an AMQP server using php-amqplib"
            },
            "type": "library",
            "extra": {
                "branch-alias": {
                    "dev-master": "1.11.x-dev"
                }
            },
            "autoload": {
                "psr-4": {
                    "Monolog\\": "src/Monolog"
                }
            },
            "notification-url": "https://packagist.org/downloads/",
            "license": [
                "MIT"
            ],
            "authors": [
                {
                    "name": "Jordi Boggiano",
                    "email": "j.boggiano@seld.be",
                    "homepage": "http://seld.be"
                }
            ],
            "description": "Sends your logs to files, sockets, inboxes, databases and various web services",
            "homepage": "http://github.com/Seldaek/monolog",
            "keywords": [
                "log",
                "logging",
                "psr-3"
            ],
            "time": "2014-09-30 13:30:58"
        },
        {
            "name": "psr/log",
            "version": "1.0.0",
            "source": {
                "type": "git",
                "url": "https://github.com/php-fig/log.git",
                "reference": "fe0936ee26643249e916849d48e3a51d5f5e278b"
            },
            "dist": {
                "type": "zip",
                "url": "https://api.github.com/repos/php-fig/log/zipball/fe0936ee26643249e916849d48e3a51d5f5e278b",
                "reference": "fe0936ee26643249e916849d48e3a51d5f5e278b",
                "shasum": ""
            },
            "type": "library",
            "autoload": {
                "psr-0": {
                    "Psr\\Log\\": ""
                }
            },
            "notification-url": "https://packagist.org/downloads/",
            "license": [
                "MIT"
            ],
            "authors": [
                {
                    "name": "PHP-FIG",
                    "homepage": "http://www.php-fig.org/"
                }
            ],
            "description": "Common interface for logging libraries",
            "keywords": [
                "log",
                "psr",
                "psr-3"
            ],
            "time": "2012-12-21 11:40:51"
        },
        {
            "name": "symfony/css-selector",
            "version": "v2.5.6",
            "target-dir": "Symfony/Component/CssSelector",
            "source": {
                "type": "git",
                "url": "https://github.com/symfony/CssSelector.git",
                "reference": "7cdf543a3f31935aae58de4e6e607d4bdeb3f5dc"
            },
            "dist": {
                "type": "zip",
                "url": "https://api.github.com/repos/symfony/CssSelector/zipball/7cdf543a3f31935aae58de4e6e607d4bdeb3f5dc",
                "reference": "7cdf543a3f31935aae58de4e6e607d4bdeb3f5dc",
                "shasum": ""
            },
            "require": {
                "php": ">=5.3.3"
            },
            "type": "library",
            "extra": {
                "branch-alias": {
                    "dev-master": "2.5-dev"
                }
            },
            "autoload": {
                "psr-0": {
                    "Symfony\\Component\\CssSelector\\": ""
                }
            },
            "notification-url": "https://packagist.org/downloads/",
            "license": [
                "MIT"
            ],
            "authors": [
                {
                    "name": "Symfony Community",
                    "homepage": "http://symfony.com/contributors"
                },
                {
                    "name": "Jean-François Simon",
                    "email": "jeanfrancois.simon@sensiolabs.com"
                },
                {
                    "name": "Fabien Potencier",
                    "email": "fabien@symfony.com"
                }
            ],
            "description": "Symfony CssSelector Component",
            "homepage": "http://symfony.com",
            "time": "2014-10-09 16:00:03"
        },
        {
            "name": "symfony/dom-crawler",
            "version": "v2.5.6",
            "target-dir": "Symfony/Component/DomCrawler",
            "source": {
                "type": "git",
                "url": "https://github.com/symfony/DomCrawler.git",
                "reference": "5b45ef9b8a8e6dda47eb9b9b982f61e8b2caa21e"
            },
            "dist": {
                "type": "zip",
                "url": "https://api.github.com/repos/symfony/DomCrawler/zipball/5b45ef9b8a8e6dda47eb9b9b982f61e8b2caa21e",
                "reference": "5b45ef9b8a8e6dda47eb9b9b982f61e8b2caa21e",
                "shasum": ""
            },
            "require": {
                "php": ">=5.3.3"
            },
            "require-dev": {
                "symfony/css-selector": "~2.0"
            },
            "suggest": {
                "symfony/css-selector": ""
            },
            "type": "library",
            "extra": {
                "branch-alias": {
                    "dev-master": "2.5-dev"
                }
            },
            "autoload": {
                "psr-0": {
                    "Symfony\\Component\\DomCrawler\\": ""
                }
            },
            "notification-url": "https://packagist.org/downloads/",
            "license": [
                "MIT"
            ],
            "authors": [
                {
                    "name": "Symfony Community",
                    "homepage": "http://symfony.com/contributors"
                },
                {
                    "name": "Fabien Potencier",
                    "email": "fabien@symfony.com"
                }
            ],
            "description": "Symfony DomCrawler Component",
            "homepage": "http://symfony.com",
            "time": "2014-10-01 05:50:18"
        }
    ],
    "packages-dev": [],
    "aliases": [],
    "minimum-stability": "stable",
    "stability-flags": [],
    "prefer-stable": false,
    "platform": [],
    "platform-dev": []
}
